
Microsoft Visual Studio Solution File, Format Version 12.00
# Visual Studio Version 17
VisualStudioVersion = 17.3.32825.248
MinimumVisualStudioVersion = 10.0.40219.1
Project("{9A19103F-16F7-4668-BE54-9A1E7A4F7556}") = "3.NumeroFlutuante", "3.NumeroFlutuante.csproj", "{BAA1E5D0-F210-4D18-9CB3-66DA2C6EF1CF}"
EndProject
Project("{FAE04EC0-301F-11D3-BF4B-00C04F79EFBC}") = "4.ConversoesEoutrosTiposNumericos", "..\4.ConversoesEoutrosTiposNumericos\4.ConversoesEoutrosTiposNumericos.csproj", "{3067B389-3FF8-4FC8-9F63-EA89230DE481}"
EndProject
Global
	GlobalSection(SolutionConfigurationPlatforms) = preSolution
		Debug|Any CPU = Debug|Any CPU
		Release|Any CPU = Release|Any CPU
	EndGlobalSection
	GlobalSection(ProjectConfigurationPlatforms) = postSolution
		{BAA1E5D0-F210-4D18-9CB3-66DA2C6EF1CF}.Debug|Any CPU.ActiveCfg = Debug|Any CPU
		{BAA1E5D0-F210-4D18-9CB3-66DA2C6EF1CF}.Debug|Any CPU.Build.0 = Debug|Any CPU
		{BAA1E5D0-F210-4D18-9CB3-66DA2C6EF1CF}.Release|Any CPU.ActiveCfg = Release|Any CPU
		{BAA1E5D0-F210-4D18-9CB3-66DA2C6EF1CF}.Release|Any CPU.Build.0 = Release|Any CPU
		{3067B389-3FF8-4FC8-9F63-EA89230DE481}.Debug|Any CPU.ActiveCfg = Debug|Any CPU
		{3067B389-3FF8-4FC8-9F63-EA89230DE481}.Debug|Any CPU.Build.0 = Debug|Any CPU
		{3067B389-3FF8-4FC8-9F63-EA89230DE481}.Release|Any CPU.ActiveCfg = Release|Any CPU
		{3067B389-3FF8-4FC8-9F63-EA89230DE481}.Release|Any CPU.Build.0 = Release|Any CPU
	EndGlobalSection
	GlobalSection(SolutionProperties) = preSolution
		HideSolutionNode = FALSE
	EndGlobalSection
	GlobalSection(ExtensibilityGlobals) = postSolution
		SolutionGuid = {114F691E-4D0A-4F05-8FF7-2CCCE3E5FFC2}
	EndGlobalSection
EndGlobal
